
Microsoft Visual Studio Solution File, Format Version 12.00
# Visual Studio 2012
Project("{FAE04EC0-301F-11D3-BF4B-00C04F79EFBC}") = "LevelSectionBox", "LevelSectionBox\LevelSectionBox.csproj", "{C7789E48-573F-46D7-AD4E-B70C2A6A1BBB}"
EndProject
Global
	GlobalSection(SolutionConfigurationPlatforms) = preSolution
		Debug|Any CPU = Debug|Any CPU
		Release|Any CPU = Release|Any CPU
	EndGlobalSection
	GlobalSection(ProjectConfigurationPlatforms) = postSolution
		{C7789E48-573F-46D7-AD4E-B70C2A6A1BBB}.Debug|Any CPU.ActiveCfg = Debug|Any CPU
		{C7789E48-573F-46D7-AD4E-B70C2A6A1BBB}.Debug|Any CPU.Build.0 = Debug|Any CPU
		{C7789E48-573F-46D7-AD4E-B70C2A6A1BBB}.Release|Any CPU.ActiveCfg = Release|Any CPU
		{C7789E48-573F-46D7-AD4E-B70C2A6A1BBB}.Release|Any CPU.Build.0 = Release|Any CPU
	EndGlobalSection
	GlobalSection(SolutionProperties) = preSolution
		HideSolutionNode = FALSE
	EndGlobalSection
EndGlobal
